
Microsoft Visual Studio Solution File, Format Version 12.00
# Visual Studio Express 2013 for Windows Desktop
VisualStudioVersion = 12.0.21005.1
MinimumVisualStudioVersion = 10.0.40219.1
Project("{8BC9CEB8-8B4A-11D0-8D11-00A0C91BC942}") = "basicCalculator", "basicCalculator.vcxproj", "{47A1CD15-C0C3-4D98-B759-6C5FFB95CC6A}"
EndProject
Global
	GlobalSection(SolutionConfigurationPlatforms) = preSolution
		Debug|Win32 = Debug|Win32
		Release|Win32 = Release|Win32
	EndGlobalSection
	GlobalSection(ProjectConfigurationPlatforms) = postSolution
		{47A1CD15-C0C3-4D98-B759-6C5FFB95CC6A}.Debug|Win32.ActiveCfg = Debug|Win32
		{47A1CD15-C0C3-4D98-B759-6C5FFB95CC6A}.Debug|Win32.Build.0 = Debug|Win32
		{47A1CD15-C0C3-4D98-B759-6C5FFB95CC6A}.Release|Win32.ActiveCfg = Release|Win32
		{47A1CD15-C0C3-4D98-B759-6C5FFB95CC6A}.Release|Win32.Build.0 = Release|Win32
	EndGlobalSection
	GlobalSection(SolutionProperties) = preSolution
		HideSolutionNode = FALSE
	EndGlobalSection
EndGlobal
